
Microsoft Visual Studio Solution File, Format Version 12.00
# Visual Studio Version 17
VisualStudioVersion = 17.2.32519.379
MinimumVisualStudioVersion = 10.0.40219.1
Project("{FAE04EC0-301F-11D3-BF4B-00C04F79EFBC}") = "XCOverlay", "XCOverlay\XCOverlay.csproj", "{716752B0-1907-4914-A8AC-7A5E69DF06D2}"
EndProject
Global
	GlobalSection(SolutionConfigurationPlatforms) = preSolution
		Debug|Any CPU = Debug|Any CPU
		Release|Any CPU = Release|Any CPU
	EndGlobalSection
	GlobalSection(ProjectConfigurationPlatforms) = postSolution
		{716752B0-1907-4914-A8AC-7A5E69DF06D2}.Debug|Any CPU.ActiveCfg = Debug|Any CPU
		{716752B0-1907-4914-A8AC-7A5E69DF06D2}.Debug|Any CPU.Build.0 = Debug|Any CPU
		{716752B0-1907-4914-A8AC-7A5E69DF06D2}.Release|Any CPU.ActiveCfg = Release|Any CPU
		{716752B0-1907-4914-A8AC-7A5E69DF06D2}.Release|Any CPU.Build.0 = Release|Any CPU
	EndGlobalSection
	GlobalSection(SolutionProperties) = preSolution
		HideSolutionNode = FALSE
	EndGlobalSection
	GlobalSection(ExtensibilityGlobals) = postSolution
		SolutionGuid = {083BDE69-1E00-4721-8F10-6F2CA3C07E1B}
	EndGlobalSection
EndGlobal
